# This file is automatically @generated by Cargo.
# It is not intended for manual editing.
version = 4

[[package]]
name = "nexa-backend-kotlin"
version = "0.1.0"
dependencies = [
 "nexa-codegen",
 "nexa-ir",
]

[[package]]
name = "nexa-backend-swift"
version = "0.1.0"
dependencies = [
 "nexa-codegen",
 "nexa-ir",
]

[[package]]
name = "nexa-cli"
version = "0.1.0"
dependencies = [
 "nexa-backend-kotlin",
 "nexa-backend-swift",
 "nexa-codegen",
 "nexa-compiler",
 "nexa-ir",
 "nexa-plugin-idl",
]

[[package]]
name = "nexa-codegen"
version = "0.1.0"
dependencies = [
 "nexa-ir",
]

[[package]]
name = "nexa-compiler"
version = "0.1.0"
dependencies = [
 "nexa-diagnostics",
 "nexa-ir",
 "nexa-plugin-idl",
 "nexa-syntax",
]

[[package]]
name = "nexa-diagnostics"
version = "0.1.0"

[[package]]
name = "nexa-ir"
version = "0.1.0"

[[package]]
name = "nexa-plugin-idl"
version = "0.1.0"

[[package]]
name = "nexa-syntax"
version = "0.1.0"
dependencies = [
 "nexa-diagnostics",
 "nexa-plugin-idl",
]
